
Microsoft Visual Studio Solution File, Format Version 12.00
# Visual Studio Version 17
VisualStudioVersion = 17.11.35327.3
MinimumVisualStudioVersion = 10.0.40219.1
Project("{FAE04EC0-301F-11D3-BF4B-00C04F79EFBC}") = "ReportGeneratorAsemochHade", "ReportGeneratorAsemochHade\ReportGeneratorAsemochHade.csproj", "{F44CA8AB-DDDD-49F4-A0B8-DDD00DD11798}"
EndProject
Global
	GlobalSection(SolutionConfigurationPlatforms) = preSolution
		Debug|Any CPU = Debug|Any CPU
		Release|Any CPU = Release|Any CPU
	EndGlobalSection
	GlobalSection(ProjectConfigurationPlatforms) = postSolution
		{F44CA8AB-DDDD-49F4-A0B8-DDD00DD11798}.Debug|Any CPU.ActiveCfg = Debug|Any CPU
		{F44CA8AB-DDDD-49F4-A0B8-DDD00DD11798}.Debug|Any CPU.Build.0 = Debug|Any CPU
		{F44CA8AB-DDDD-49F4-A0B8-DDD00DD11798}.Release|Any CPU.ActiveCfg = Release|Any CPU
		{F44CA8AB-DDDD-49F4-A0B8-DDD00DD11798}.Release|Any CPU.Build.0 = Release|Any CPU
	EndGlobalSection
	GlobalSection(SolutionProperties) = preSolution
		HideSolutionNode = FALSE
	EndGlobalSection
	GlobalSection(ExtensibilityGlobals) = postSolution
		SolutionGuid = {2F4CF3F6-5B3F-4848-B555-3544D3AAF7C9}
	EndGlobalSection
EndGlobal
